
Microsoft Visual Studio Solution File, Format Version 12.00
# Visual Studio Version 17
VisualStudioVersion = 17.10.35122.118
MinimumVisualStudioVersion = 10.0.40219.1
Project("{FAE04EC0-301F-11D3-BF4B-00C04F79EFBC}") = "CMSWeblog", "CMSWeblog\CMSWeblog.csproj", "{C22DBBEF-68D6-4BF1-91E3-1721BAAEA3F0}"
EndProject
Project("{FAE04EC0-301F-11D3-BF4B-00C04F79EFBC}") = "CMSArticle.ModelLayer", "CMSArticle.ModelLayer\CMSArticle.ModelLayer.csproj", "{4170A8FB-7A68-4D0A-A798-DCE50E15F8F7}"
EndProject
Project("{FAE04EC0-301F-11D3-BF4B-00C04F79EFBC}") = "CMSArticle.RepositoryLayer", "CMSArticle.RepositoryLayer\CMSArticle.RepositoryLayer.csproj", "{1AF8C372-5699-4A35-BDC2-CF1CB61FE614}"
EndProject
Project("{FAE04EC0-301F-11D3-BF4B-00C04F79EFBC}") = "CMSArticle.ServiceLayer", "CMSArticle.ServiceLayer\CMSArticle.ServiceLayer.csproj", "{0EDAD0E0-B69D-41DA-9D1F-35A3AA49D46F}"
EndProject
Global
	GlobalSection(SolutionConfigurationPlatforms) = preSolution
		Debug|Any CPU = Debug|Any CPU
		Release|Any CPU = Release|Any CPU
	EndGlobalSection
	GlobalSection(ProjectConfigurationPlatforms) = postSolution
		{C22DBBEF-68D6-4BF1-91E3-1721BAAEA3F0}.Debug|Any CPU.ActiveCfg = Debug|Any CPU
		{C22DBBEF-68D6-4BF1-91E3-1721BAAEA3F0}.Debug|Any CPU.Build.0 = Debug|Any CPU
		{C22DBBEF-68D6-4BF1-91E3-1721BAAEA3F0}.Release|Any CPU.ActiveCfg = Release|Any CPU
		{C22DBBEF-68D6-4BF1-91E3-1721BAAEA3F0}.Release|Any CPU.Build.0 = Release|Any CPU
		{4170A8FB-7A68-4D0A-A798-DCE50E15F8F7}.Debug|Any CPU.ActiveCfg = Debug|Any CPU
		{4170A8FB-7A68-4D0A-A798-DCE50E15F8F7}.Debug|Any CPU.Build.0 = Debug|Any CPU
		{4170A8FB-7A68-4D0A-A798-DCE50E15F8F7}.Release|Any CPU.ActiveCfg = Release|Any CPU
		{4170A8FB-7A68-4D0A-A798-DCE50E15F8F7}.Release|Any CPU.Build.0 = Release|Any CPU
		{1AF8C372-5699-4A35-BDC2-CF1CB61FE614}.Debug|Any CPU.ActiveCfg = Debug|Any CPU
		{1AF8C372-5699-4A35-BDC2-CF1CB61FE614}.Debug|Any CPU.Build.0 = Debug|Any CPU
		{1AF8C372-5699-4A35-BDC2-CF1CB61FE614}.Release|Any CPU.ActiveCfg = Release|Any CPU
		{1AF8C372-5699-4A35-BDC2-CF1CB61FE614}.Release|Any CPU.Build.0 = Release|Any CPU
		{0EDAD0E0-B69D-41DA-9D1F-35A3AA49D46F}.Debug|Any CPU.ActiveCfg = Debug|Any CPU
		{0EDAD0E0-B69D-41DA-9D1F-35A3AA49D46F}.Debug|Any CPU.Build.0 = Debug|Any CPU
		{0EDAD0E0-B69D-41DA-9D1F-35A3AA49D46F}.Release|Any CPU.ActiveCfg = Release|Any CPU
		{0EDAD0E0-B69D-41DA-9D1F-35A3AA49D46F}.Release|Any CPU.Build.0 = Release|Any CPU
	EndGlobalSection
	GlobalSection(SolutionProperties) = preSolution
		HideSolutionNode = FALSE
	EndGlobalSection
	GlobalSection(ExtensibilityGlobals) = postSolution
		SolutionGuid = {EACC9CA7-2D85-4FE3-8ACD-39A8213C0427}
	EndGlobalSection
EndGlobal
